
Microsoft Visual Studio Solution File, Format Version 12.00
# Visual Studio Version 17
VisualStudioVersion = 17.1.32414.318
MinimumVisualStudioVersion = 10.0.40219.1
Project("{8BC9CEB8-8B4A-11D0-8D11-00A0C91BC942}") = "AllInOne", "AllInOne\AllInOne.vcxproj", "{738A501B-F7A7-4CA9-AEA2-2E04697F1A1C}"
EndProject
Global
	GlobalSection(SolutionConfigurationPlatforms) = preSolution
		Release|x64 = Release|x64
	EndGlobalSection
	GlobalSection(ProjectConfigurationPlatforms) = postSolution
		{738A501B-F7A7-4CA9-AEA2-2E04697F1A1C}.Release|x64.ActiveCfg = Release|x64
		{738A501B-F7A7-4CA9-AEA2-2E04697F1A1C}.Release|x64.Build.0 = Release|x64
	EndGlobalSection
	GlobalSection(SolutionProperties) = preSolution
		HideSolutionNode = FALSE
	EndGlobalSection
	GlobalSection(ExtensibilityGlobals) = postSolution
		SolutionGuid = {A3F2C32A-0759-4139-B9A1-70CFF76AC8C5}
	EndGlobalSection
EndGlobal
